
Microsoft Visual Studio Solution File, Format Version 12.00
# Visual Studio 14
VisualStudioVersion = 14.0.25420.1
MinimumVisualStudioVersion = 10.0.40219.1
Project("{FAE04EC0-301F-11D3-BF4B-00C04F79EFBC}") = "TestAppGit.Console", "TestAppGit.Console\TestAppGit.Console.csproj", "{0348E72B-7307-4DC6-8D18-442F57DD81E5}"
EndProject
Project("{FAE04EC0-301F-11D3-BF4B-00C04F79EFBC}") = "lectia5", "lectia5\lectia5.csproj", "{2DEA1877-CE23-47A3-85C6-AF324EA17267}"
EndProject
Project("{FAE04EC0-301F-11D3-BF4B-00C04F79EFBC}") = "lect3Test", "lect3Test\lect3Test.csproj", "{3021B3E1-96CF-4C31-A3B1-E39AD122CB88}"
EndProject
Project("{FAE04EC0-301F-11D3-BF4B-00C04F79EFBC}") = "lectia6", "lectia6\lectia6.csproj", "{FDA26D83-3B7F-45F0-B3EE-D8E28F9F2234}"
EndProject
Project("{FAE04EC0-301F-11D3-BF4B-00C04F79EFBC}") = "lectiea7_8", "lectiea7_8\lectiea7_8.csproj", "{94CC8B77-897A-4D37-AA77-93A6863EE617}"
EndProject
Project("{FAE04EC0-301F-11D3-BF4B-00C04F79EFBC}") = "lectia9_exceptions", "lectia9_exceptions\lectia9_exceptions.csproj", "{25BEDA26-3FD8-43AB-8917-7CEBED7AC88D}"
EndProject
Project("{FAE04EC0-301F-11D3-BF4B-00C04F79EFBC}") = "lesson8Generics", "lesson8Generics\lesson8Generics.csproj", "{B812AD8E-2B3A-4153-8DC1-D39BF86D68A9}"
EndProject
Project("{FAE04EC0-301F-11D3-BF4B-00C04F79EFBC}") = "CarSortingTest", "CarSortingTest\CarSortingTest.csproj", "{C0268A6B-06B4-4964-A675-C6299E1065E3}"
EndProject
Project("{FAE04EC0-301F-11D3-BF4B-00C04F79EFBC}") = "CohesionAndCoupling", "CohesionAndCoupling\CohesionAndCoupling.csproj", "{28025496-4DFA-46F7-9CBA-E10471A6488A}"
EndProject
Project("{FAE04EC0-301F-11D3-BF4B-00C04F79EFBC}") = "MyModel", "MyModel\MyModel.csproj", "{CBD8FBD9-9FF6-433A-9EC4-F8DDFD9F6726}"
EndProject
Project("{FAE04EC0-301F-11D3-BF4B-00C04F79EFBC}") = "ClosureExplained", "ClosureExplained\ClosureExplained.csproj", "{34D2460E-018F-4797-BD54-3E9D3A877966}"
EndProject
Project("{FAE04EC0-301F-11D3-BF4B-00C04F79EFBC}") = "EventTesting", "EventTesting\EventTesting.csproj", "{D4E227F1-E5F5-4AA7-8B81-18E2176EE848}"
EndProject
Project("{FAE04EC0-301F-11D3-BF4B-00C04F79EFBC}") = "Lesson15", "Lesson15\Lesson15.csproj", "{F1C0BCCE-58B5-47DA-8E30-E6A849FD7252}"
EndProject
Project("{FAE04EC0-301F-11D3-BF4B-00C04F79EFBC}") = "Lesson18_SingleTon_Factory", "Lesson18_SingleTon_Factory\Lesson18_SingleTon_Factory.csproj", "{894B5ECE-C3C2-4DF8-8825-8CDCBA1E835D}"
EndProject
Project("{FAE04EC0-301F-11D3-BF4B-00C04F79EFBC}") = "FacadeExample", "FacadeExample\FacadeExample.csproj", "{8AB09D38-4BF2-44F8-88BF-D7211D226A06}"
EndProject
Project("{FAE04EC0-301F-11D3-BF4B-00C04F79EFBC}") = "ObserverPattern", "ObserverPattern\ObserverPattern.csproj", "{6B812839-8CC3-4ED0-9B09-65A6FF0FA256}"
EndProject
Project("{FAE04EC0-301F-11D3-BF4B-00C04F79EFBC}") = "StrategyPattern", "StrategyPattern\StrategyPattern.csproj", "{2EF70D5A-547A-46B3-A211-0C1D33340CB1}"
EndProject
Project("{FAE04EC0-301F-11D3-BF4B-00C04F79EFBC}") = "NUnitTesting", "NUnitTesting\NUnitTesting.csproj", "{10A98190-0A75-4A2D-A04A-FA7456AEECD1}"
EndProject
Project("{FAE04EC0-301F-11D3-BF4B-00C04F79EFBC}") = "QuizATest", "QuizATest\QuizATest.csproj", "{266EA18D-2AB4-4311-A5D2-96A53E757053}"
EndProject
Global
	GlobalSection(SolutionConfigurationPlatforms) = preSolution
		Debug|Any CPU = Debug|Any CPU
		Lightweight|Any CPU = Lightweight|Any CPU
		Release|Any CPU = Release|Any CPU
	EndGlobalSection
	GlobalSection(ProjectConfigurationPlatforms) = postSolution
		{0348E72B-7307-4DC6-8D18-442F57DD81E5}.Debug|Any CPU.ActiveCfg = Debug|Any CPU
		{0348E72B-7307-4DC6-8D18-442F57DD81E5}.Debug|Any CPU.Build.0 = Debug|Any CPU
		{0348E72B-7307-4DC6-8D18-442F57DD81E5}.Lightweight|Any CPU.ActiveCfg = Lightweight|Any CPU
		{0348E72B-7307-4DC6-8D18-442F57DD81E5}.Lightweight|Any CPU.Build.0 = Lightweight|Any CPU
		{0348E72B-7307-4DC6-8D18-442F57DD81E5}.Release|Any CPU.ActiveCfg = Release|Any CPU
		{0348E72B-7307-4DC6-8D18-442F57DD81E5}.Release|Any CPU.Build.0 = Release|Any CPU
		{2DEA1877-CE23-47A3-85C6-AF324EA17267}.Debug|Any CPU.ActiveCfg = Debug|Any CPU
		{2DEA1877-CE23-47A3-85C6-AF324EA17267}.Debug|Any CPU.Build.0 = Debug|Any CPU
		{2DEA1877-CE23-47A3-85C6-AF324EA17267}.Lightweight|Any CPU.ActiveCfg = Lightweight|Any CPU
		{2DEA1877-CE23-47A3-85C6-AF324EA17267}.Lightweight|Any CPU.Build.0 = Lightweight|Any CPU
		{2DEA1877-CE23-47A3-85C6-AF324EA17267}.Release|Any CPU.ActiveCfg = Release|Any CPU
		{2DEA1877-CE23-47A3-85C6-AF324EA17267}.Release|Any CPU.Build.0 = Release|Any CPU
		{3021B3E1-96CF-4C31-A3B1-E39AD122CB88}.Debug|Any CPU.ActiveCfg = Debug|Any CPU
		{3021B3E1-96CF-4C31-A3B1-E39AD122CB88}.Debug|Any CPU.Build.0 = Debug|Any CPU
		{3021B3E1-96CF-4C31-A3B1-E39AD122CB88}.Lightweight|Any CPU.ActiveCfg = Lightweight|Any CPU
		{3021B3E1-96CF-4C31-A3B1-E39AD122CB88}.Lightweight|Any CPU.Build.0 = Lightweight|Any CPU
		{3021B3E1-96CF-4C31-A3B1-E39AD122CB88}.Release|Any CPU.ActiveCfg = Release|Any CPU
		{3021B3E1-96CF-4C31-A3B1-E39AD122CB88}.Release|Any CPU.Build.0 = Release|Any CPU
		{FDA26D83-3B7F-45F0-B3EE-D8E28F9F2234}.Debug|Any CPU.ActiveCfg = Debug|Any CPU
		{FDA26D83-3B7F-45F0-B3EE-D8E28F9F2234}.Debug|Any CPU.Build.0 = Debug|Any CPU
		{FDA26D83-3B7F-45F0-B3EE-D8E28F9F2234}.Lightweight|Any CPU.ActiveCfg = Lightweight|Any CPU
		{FDA26D83-3B7F-45F0-B3EE-D8E28F9F2234}.Lightweight|Any CPU.Build.0 = Lightweight|Any CPU
		{FDA26D83-3B7F-45F0-B3EE-D8E28F9F2234}.Release|Any CPU.ActiveCfg = Release|Any CPU
		{FDA26D83-3B7F-45F0-B3EE-D8E28F9F2234}.Release|Any CPU.Build.0 = Release|Any CPU
		{94CC8B77-897A-4D37-AA77-93A6863EE617}.Debug|Any CPU.ActiveCfg = Debug|Any CPU
		{94CC8B77-897A-4D37-AA77-93A6863EE617}.Debug|Any CPU.Build.0 = Debug|Any CPU
		{94CC8B77-897A-4D37-AA77-93A6863EE617}.Lightweight|Any CPU.ActiveCfg = Lightweight|Any CPU
		{94CC8B77-897A-4D37-AA77-93A6863EE617}.Lightweight|Any CPU.Build.0 = Lightweight|Any CPU
		{94CC8B77-897A-4D37-AA77-93A6863EE617}.Release|Any CPU.ActiveCfg = Release|Any CPU
		{94CC8B77-897A-4D37-AA77-93A6863EE617}.Release|Any CPU.Build.0 = Release|Any CPU
		{25BEDA26-3FD8-43AB-8917-7CEBED7AC88D}.Debug|Any CPU.ActiveCfg = Debug|Any CPU
		{25BEDA26-3FD8-43AB-8917-7CEBED7AC88D}.Debug|Any CPU.Build.0 = Debug|Any CPU
		{25BEDA26-3FD8-43AB-8917-7CEBED7AC88D}.Lightweight|Any CPU.ActiveCfg = Release|Any CPU
		{25BEDA26-3FD8-43AB-8917-7CEBED7AC88D}.Lightweight|Any CPU.Build.0 = Release|Any CPU
		{25BEDA26-3FD8-43AB-8917-7CEBED7AC88D}.Release|Any CPU.ActiveCfg = Release|Any CPU
		{25BEDA26-3FD8-43AB-8917-7CEBED7AC88D}.Release|Any CPU.Build.0 = Release|Any CPU
		{B812AD8E-2B3A-4153-8DC1-D39BF86D68A9}.Debug|Any CPU.ActiveCfg = Debug|Any CPU
		{B812AD8E-2B3A-4153-8DC1-D39BF86D68A9}.Debug|Any CPU.Build.0 = Debug|Any CPU
		{B812AD8E-2B3A-4153-8DC1-D39BF86D68A9}.Lightweight|Any CPU.ActiveCfg = Release|Any CPU
		{B812AD8E-2B3A-4153-8DC1-D39BF86D68A9}.Lightweight|Any CPU.Build.0 = Release|Any CPU
		{B812AD8E-2B3A-4153-8DC1-D39BF86D68A9}.Release|Any CPU.ActiveCfg = Release|Any CPU
		{B812AD8E-2B3A-4153-8DC1-D39BF86D68A9}.Release|Any CPU.Build.0 = Release|Any CPU
		{C0268A6B-06B4-4964-A675-C6299E1065E3}.Debug|Any CPU.ActiveCfg = Debug|Any CPU
		{C0268A6B-06B4-4964-A675-C6299E1065E3}.Debug|Any CPU.Build.0 = Debug|Any CPU
		{C0268A6B-06B4-4964-A675-C6299E1065E3}.Lightweight|Any CPU.ActiveCfg = Release|Any CPU
		{C0268A6B-06B4-4964-A675-C6299E1065E3}.Lightweight|Any CPU.Build.0 = Release|Any CPU
		{C0268A6B-06B4-4964-A675-C6299E1065E3}.Release|Any CPU.ActiveCfg = Release|Any CPU
		{C0268A6B-06B4-4964-A675-C6299E1065E3}.Release|Any CPU.Build.0 = Release|Any CPU
		{28025496-4DFA-46F7-9CBA-E10471A6488A}.Debug|Any CPU.ActiveCfg = Debug|Any CPU
		{28025496-4DFA-46F7-9CBA-E10471A6488A}.Debug|Any CPU.Build.0 = Debug|Any CPU
		{28025496-4DFA-46F7-9CBA-E10471A6488A}.Lightweight|Any CPU.ActiveCfg = Release|Any CPU
		{28025496-4DFA-46F7-9CBA-E10471A6488A}.Lightweight|Any CPU.Build.0 = Release|Any CPU
		{28025496-4DFA-46F7-9CBA-E10471A6488A}.Release|Any CPU.ActiveCfg = Release|Any CPU
		{28025496-4DFA-46F7-9CBA-E10471A6488A}.Release|Any CPU.Build.0 = Release|Any CPU
		{CBD8FBD9-9FF6-433A-9EC4-F8DDFD9F6726}.Debug|Any CPU.ActiveCfg = Debug|Any CPU
		{CBD8FBD9-9FF6-433A-9EC4-F8DDFD9F6726}.Debug|Any CPU.Build.0 = Debug|Any CPU
		{CBD8FBD9-9FF6-433A-9EC4-F8DDFD9F6726}.Lightweight|Any CPU.ActiveCfg = Release|Any CPU
		{CBD8FBD9-9FF6-433A-9EC4-F8DDFD9F6726}.Lightweight|Any CPU.Build.0 = Release|Any CPU
		{CBD8FBD9-9FF6-433A-9EC4-F8DDFD9F6726}.Release|Any CPU.ActiveCfg = Release|Any CPU
		{CBD8FBD9-9FF6-433A-9EC4-F8DDFD9F6726}.Release|Any CPU.Build.0 = Release|Any CPU
		{34D2460E-018F-4797-BD54-3E9D3A877966}.Debug|Any CPU.ActiveCfg = Debug|Any CPU
		{34D2460E-018F-4797-BD54-3E9D3A877966}.Debug|Any CPU.Build.0 = Debug|Any CPU
		{34D2460E-018F-4797-BD54-3E9D3A877966}.Lightweight|Any CPU.ActiveCfg = Release|Any CPU
		{34D2460E-018F-4797-BD54-3E9D3A877966}.Lightweight|Any CPU.Build.0 = Release|Any CPU
		{34D2460E-018F-4797-BD54-3E9D3A877966}.Release|Any CPU.ActiveCfg = Release|Any CPU
		{34D2460E-018F-4797-BD54-3E9D3A877966}.Release|Any CPU.Build.0 = Release|Any CPU
		{D4E227F1-E5F5-4AA7-8B81-18E2176EE848}.Debug|Any CPU.ActiveCfg = Debug|Any CPU
		{D4E227F1-E5F5-4AA7-8B81-18E2176EE848}.Debug|Any CPU.Build.0 = Debug|Any CPU
		{D4E227F1-E5F5-4AA7-8B81-18E2176EE848}.Lightweight|Any CPU.ActiveCfg = Release|Any CPU
		{D4E227F1-E5F5-4AA7-8B81-18E2176EE848}.Lightweight|Any CPU.Build.0 = Release|Any CPU
		{D4E227F1-E5F5-4AA7-8B81-18E2176EE848}.Release|Any CPU.ActiveCfg = Release|Any CPU
		{D4E227F1-E5F5-4AA7-8B81-18E2176EE848}.Release|Any CPU.Build.0 = Release|Any CPU
		{F1C0BCCE-58B5-47DA-8E30-E6A849FD7252}.Debug|Any CPU.ActiveCfg = Debug|Any CPU
		{F1C0BCCE-58B5-47DA-8E30-E6A849FD7252}.Debug|Any CPU.Build.0 = Debug|Any CPU
		{F1C0BCCE-58B5-47DA-8E30-E6A849FD7252}.Lightweight|Any CPU.ActiveCfg = Release|Any CPU
		{F1C0BCCE-58B5-47DA-8E30-E6A849FD7252}.Lightweight|Any CPU.Build.0 = Release|Any CPU
		{F1C0BCCE-58B5-47DA-8E30-E6A849FD7252}.Release|Any CPU.ActiveCfg = Release|Any CPU
		{F1C0BCCE-58B5-47DA-8E30-E6A849FD7252}.Release|Any CPU.Build.0 = Release|Any CPU
		{894B5ECE-C3C2-4DF8-8825-8CDCBA1E835D}.Debug|Any CPU.ActiveCfg = Debug|Any CPU
		{894B5ECE-C3C2-4DF8-8825-8CDCBA1E835D}.Debug|Any CPU.Build.0 = Debug|Any CPU
		{894B5ECE-C3C2-4DF8-8825-8CDCBA1E835D}.Lightweight|Any CPU.ActiveCfg = Release|Any CPU
		{894B5ECE-C3C2-4DF8-8825-8CDCBA1E835D}.Lightweight|Any CPU.Build.0 = Release|Any CPU
		{894B5ECE-C3C2-4DF8-8825-8CDCBA1E835D}.Release|Any CPU.ActiveCfg = Release|Any CPU
		{894B5ECE-C3C2-4DF8-8825-8CDCBA1E835D}.Release|Any CPU.Build.0 = Release|Any CPU
		{8AB09D38-4BF2-44F8-88BF-D7211D226A06}.Debug|Any CPU.ActiveCfg = Debug|Any CPU
		{8AB09D38-4BF2-44F8-88BF-D7211D226A06}.Debug|Any CPU.Build.0 = Debug|Any CPU
		{8AB09D38-4BF2-44F8-88BF-D7211D226A06}.Lightweight|Any CPU.ActiveCfg = Release|Any CPU
		{8AB09D38-4BF2-44F8-88BF-D7211D226A06}.Lightweight|Any CPU.Build.0 = Release|Any CPU
		{8AB09D38-4BF2-44F8-88BF-D7211D226A06}.Release|Any CPU.ActiveCfg = Release|Any CPU
		{8AB09D38-4BF2-44F8-88BF-D7211D226A06}.Release|Any CPU.Build.0 = Release|Any CPU
		{6B812839-8CC3-4ED0-9B09-65A6FF0FA256}.Debug|Any CPU.ActiveCfg = Debug|Any CPU
		{6B812839-8CC3-4ED0-9B09-65A6FF0FA256}.Debug|Any CPU.Build.0 = Debug|Any CPU
		{6B812839-8CC3-4ED0-9B09-65A6FF0FA256}.Lightweight|Any CPU.ActiveCfg = Release|Any CPU
		{6B812839-8CC3-4ED0-9B09-65A6FF0FA256}.Lightweight|Any CPU.Build.0 = Release|Any CPU
		{6B812839-8CC3-4ED0-9B09-65A6FF0FA256}.Release|Any CPU.ActiveCfg = Release|Any CPU
		{6B812839-8CC3-4ED0-9B09-65A6FF0FA256}.Release|Any CPU.Build.0 = Release|Any CPU
		{2EF70D5A-547A-46B3-A211-0C1D33340CB1}.Debug|Any CPU.ActiveCfg = Debug|Any CPU
		{2EF70D5A-547A-46B3-A211-0C1D33340CB1}.Debug|Any CPU.Build.0 = Debug|Any CPU
		{2EF70D5A-547A-46B3-A211-0C1D33340CB1}.Lightweight|Any CPU.ActiveCfg = Release|Any CPU
		{2EF70D5A-547A-46B3-A211-0C1D33340CB1}.Lightweight|Any CPU.Build.0 = Release|Any CPU
		{2EF70D5A-547A-46B3-A211-0C1D33340CB1}.Release|Any CPU.ActiveCfg = Release|Any CPU
		{2EF70D5A-547A-46B3-A211-0C1D33340CB1}.Release|Any CPU.Build.0 = Release|Any CPU
		{10A98190-0A75-4A2D-A04A-FA7456AEECD1}.Debug|Any CPU.ActiveCfg = Debug|Any CPU
		{10A98190-0A75-4A2D-A04A-FA7456AEECD1}.Debug|Any CPU.Build.0 = Debug|Any CPU
		{10A98190-0A75-4A2D-A04A-FA7456AEECD1}.Lightweight|Any CPU.ActiveCfg = Release|Any CPU
		{10A98190-0A75-4A2D-A04A-FA7456AEECD1}.Lightweight|Any CPU.Build.0 = Release|Any CPU
		{10A98190-0A75-4A2D-A04A-FA7456AEECD1}.Release|Any CPU.ActiveCfg = Release|Any CPU
		{10A98190-0A75-4A2D-A04A-FA7456AEECD1}.Release|Any CPU.Build.0 = Release|Any CPU
		{266EA18D-2AB4-4311-A5D2-96A53E757053}.Debug|Any CPU.ActiveCfg = Debug|Any CPU
		{266EA18D-2AB4-4311-A5D2-96A53E757053}.Debug|Any CPU.Build.0 = Debug|Any CPU
		{266EA18D-2AB4-4311-A5D2-96A53E757053}.Lightweight|Any CPU.ActiveCfg = Release|Any CPU
		{266EA18D-2AB4-4311-A5D2-96A53E757053}.Lightweight|Any CPU.Build.0 = Release|Any CPU
		{266EA18D-2AB4-4311-A5D2-96A53E757053}.Release|Any CPU.ActiveCfg = Release|Any CPU
		{266EA18D-2AB4-4311-A5D2-96A53E757053}.Release|Any CPU.Build.0 = Release|Any CPU
	EndGlobalSection
	GlobalSection(SolutionProperties) = preSolution
		HideSolutionNode = FALSE
	EndGlobalSection
EndGlobal
