
Microsoft Visual Studio Solution File, Format Version 12.00
# Visual Studio 14
VisualStudioVersion = 14.0.25420.1
MinimumVisualStudioVersion = 10.0.40219.1
Project("{FAE04EC0-301F-11D3-BF4B-00C04F79EFBC}") = "TestAppGit.Console", "TestAppGit.Console\TestAppGit.Console.csproj", "{0348E72B-7307-4DC6-8D18-442F57DD81E5}"
EndProject
Project("{FAE04EC0-301F-11D3-BF4B-00C04F79EFBC}") = "lectia5", "lectia5\lectia5.csproj", "{2DEA1877-CE23-47A3-85C6-AF324EA17267}"
EndProject
Project("{FAE04EC0-301F-11D3-BF4B-00C04F79EFBC}") = "lect3Test", "lect3Test\lect3Test.csproj", "{3021B3E1-96CF-4C31-A3B1-E39AD122CB88}"
EndProject
Project("{FAE04EC0-301F-11D3-BF4B-00C04F79EFBC}") = "lectia6", "lectia6\lectia6.csproj", "{FDA26D83-3B7F-45F0-B3EE-D8E28F9F2234}"
EndProject
Project("{FAE04EC0-301F-11D3-BF4B-00C04F79EFBC}") = "lectiea7_8", "lectiea7_8\lectiea7_8.csproj", "{94CC8B77-897A-4D37-AA77-93A6863EE617}"
EndProject
Global
	GlobalSection(SolutionConfigurationPlatforms) = preSolution
		Debug|Any CPU = Debug|Any CPU
		Release|Any CPU = Release|Any CPU
	EndGlobalSection
	GlobalSection(ProjectConfigurationPlatforms) = postSolution
		{0348E72B-7307-4DC6-8D18-442F57DD81E5}.Debug|Any CPU.ActiveCfg = Debug|Any CPU
		{0348E72B-7307-4DC6-8D18-442F57DD81E5}.Debug|Any CPU.Build.0 = Debug|Any CPU
		{0348E72B-7307-4DC6-8D18-442F57DD81E5}.Release|Any CPU.ActiveCfg = Release|Any CPU
		{0348E72B-7307-4DC6-8D18-442F57DD81E5}.Release|Any CPU.Build.0 = Release|Any CPU
		{2DEA1877-CE23-47A3-85C6-AF324EA17267}.Debug|Any CPU.ActiveCfg = Debug|Any CPU
		{2DEA1877-CE23-47A3-85C6-AF324EA17267}.Debug|Any CPU.Build.0 = Debug|Any CPU
		{2DEA1877-CE23-47A3-85C6-AF324EA17267}.Release|Any CPU.ActiveCfg = Release|Any CPU
		{2DEA1877-CE23-47A3-85C6-AF324EA17267}.Release|Any CPU.Build.0 = Release|Any CPU
		{3021B3E1-96CF-4C31-A3B1-E39AD122CB88}.Debug|Any CPU.ActiveCfg = Debug|Any CPU
		{3021B3E1-96CF-4C31-A3B1-E39AD122CB88}.Debug|Any CPU.Build.0 = Debug|Any CPU
		{3021B3E1-96CF-4C31-A3B1-E39AD122CB88}.Release|Any CPU.ActiveCfg = Release|Any CPU
		{3021B3E1-96CF-4C31-A3B1-E39AD122CB88}.Release|Any CPU.Build.0 = Release|Any CPU
		{FDA26D83-3B7F-45F0-B3EE-D8E28F9F2234}.Debug|Any CPU.ActiveCfg = Debug|Any CPU
		{FDA26D83-3B7F-45F0-B3EE-D8E28F9F2234}.Debug|Any CPU.Build.0 = Debug|Any CPU
		{FDA26D83-3B7F-45F0-B3EE-D8E28F9F2234}.Release|Any CPU.ActiveCfg = Release|Any CPU
		{FDA26D83-3B7F-45F0-B3EE-D8E28F9F2234}.Release|Any CPU.Build.0 = Release|Any CPU
		{94CC8B77-897A-4D37-AA77-93A6863EE617}.Debug|Any CPU.ActiveCfg = Debug|Any CPU
		{94CC8B77-897A-4D37-AA77-93A6863EE617}.Debug|Any CPU.Build.0 = Debug|Any CPU
		{94CC8B77-897A-4D37-AA77-93A6863EE617}.Release|Any CPU.ActiveCfg = Release|Any CPU
		{94CC8B77-897A-4D37-AA77-93A6863EE617}.Release|Any CPU.Build.0 = Release|Any CPU
	EndGlobalSection
	GlobalSection(SolutionProperties) = preSolution
		HideSolutionNode = FALSE
	EndGlobalSection
EndGlobal
